
Microsoft Visual Studio Solution File, Format Version 11.00
# Visual Studio 2010
Project("{1863889A-00DF-4350-BA39-669CA949CB81}") = "GeteBayOfficialTime", "GeteBayOfficialTime.phpproj", "{038F44BB-8D08-4E98-8292-5CAAE1A34C01}"
EndProject
Global
	GlobalSection(SolutionConfigurationPlatforms) = preSolution
		Local|PHP 5.2 = Local|PHP 5.2
		Production|PHP 5.2 = Production|PHP 5.2
		Staging|PHP 5.2 = Staging|PHP 5.2
	EndGlobalSection
	GlobalSection(ProjectConfigurationPlatforms) = postSolution
		{038F44BB-8D08-4E98-8292-5CAAE1A34C01}.Local|PHP 5.2.ActiveCfg = Local|PHP 5.2
		{038F44BB-8D08-4E98-8292-5CAAE1A34C01}.Local|PHP 5.2.Deploy.0 = Local|PHP 5.2
		{038F44BB-8D08-4E98-8292-5CAAE1A34C01}.Production|PHP 5.2.ActiveCfg = Production|PHP 5.2
		{038F44BB-8D08-4E98-8292-5CAAE1A34C01}.Production|PHP 5.2.Deploy.0 = Production|PHP 5.2
		{038F44BB-8D08-4E98-8292-5CAAE1A34C01}.Staging|PHP 5.2.ActiveCfg = Staging|PHP 5.2
		{038F44BB-8D08-4E98-8292-5CAAE1A34C01}.Staging|PHP 5.2.Deploy.0 = Staging|PHP 5.2
	EndGlobalSection
	GlobalSection(SolutionProperties) = preSolution
		HideSolutionNode = FALSE
	EndGlobalSection
EndGlobal
